
Microsoft Visual Studio Solution File, Format Version 12.00
# Visual Studio Version 17
VisualStudioVersion = 17.6.33801.468
MinimumVisualStudioVersion = 10.0.40219.1
Project("{9A19103F-16F7-4668-BE54-9A1E7A4F7556}") = "DoitMT", "DoitMT\DoitMT.csproj", "{CD6DE892-44E1-49A3-932D-62893F37755F}"
EndProject
Project("{9A19103F-16F7-4668-BE54-9A1E7A4F7556}") = "Generics", "Generics\Generics.csproj", "{FBA87257-EE16-486F-B597-AD148A5B5AC6}"
EndProject
Project("{9A19103F-16F7-4668-BE54-9A1E7A4F7556}") = "GenericVSNonGenericCollections", "GenericVSNonGenericCollections\GenericVSNonGenericCollections.csproj", "{A6A573C2-3D55-48EF-BC66-149A450A6473}"
EndProject
Project("{9A19103F-16F7-4668-BE54-9A1E7A4F7556}") = "Delegates", "Delegates\Delegates.csproj", "{A6E77F3C-DAF7-42D7-999B-7479A11F872E}"
EndProject
Project("{9A19103F-16F7-4668-BE54-9A1E7A4F7556}") = "Events", "Events\Events.csproj", "{C6B338E5-D598-4218-BDD6-306DBBADE7B0}"
EndProject
Project("{9A19103F-16F7-4668-BE54-9A1E7A4F7556}") = "AnonymousMethodsLambdaExpressionsRegex", "AnonymousMethodsLambdaExpressionsRegex\AnonymousMethodsLambdaExpressionsRegex.csproj", "{5C5CE066-3922-47B1-A7BC-1F74AA9AFE38}"
EndProject
Project("{9A19103F-16F7-4668-BE54-9A1E7A4F7556}") = "LINQ", "LINQ\LINQ.csproj", "{7DF7A5CD-88E0-4856-9356-4C22F7232DBF}"
EndProject
Project("{9A19103F-16F7-4668-BE54-9A1E7A4F7556}") = "LINQ2", "LINQ2\LINQ2.csproj", "{DE268201-5059-4292-93C2-810690785635}"
EndProject
Project("{9A19103F-16F7-4668-BE54-9A1E7A4F7556}") = "FileStreamPartOne", "FileStreamPartOne\FileStreamPartOne.csproj", "{5383677D-6567-4581-BE83-43771CE2FC7D}"
EndProject
Project("{9A19103F-16F7-4668-BE54-9A1E7A4F7556}") = "FileFileInfoDirectoryDirectoryInfo", "FileFileInfoDirectoryDirectoryInfo\FileFileInfoDirectoryDirectoryInfo.csproj", "{A6A63F20-7933-48C3-A744-920F98465F2F}"
EndProject
Project("{9A19103F-16F7-4668-BE54-9A1E7A4F7556}") = "Serialization&Deserialization", "Serialization&Deserialization\Serialization&Deserialization.csproj", "{DE3FC4FB-6ABA-4EAD-B453-1390EE3D9A56}"
EndProject
Project("{FAE04EC0-301F-11D3-BF4B-00C04F79EFBC}") = "Attributes&Reflection", "Attributes&Reflection\Attributes&Reflection.csproj", "{358C9126-FD50-4945-B143-95700A522ADF}"
EndProject
Global
	GlobalSection(SolutionConfigurationPlatforms) = preSolution
		Debug|Any CPU = Debug|Any CPU
		Release|Any CPU = Release|Any CPU
	EndGlobalSection
	GlobalSection(ProjectConfigurationPlatforms) = postSolution
		{CD6DE892-44E1-49A3-932D-62893F37755F}.Debug|Any CPU.ActiveCfg = Debug|Any CPU
		{CD6DE892-44E1-49A3-932D-62893F37755F}.Debug|Any CPU.Build.0 = Debug|Any CPU
		{CD6DE892-44E1-49A3-932D-62893F37755F}.Release|Any CPU.ActiveCfg = Release|Any CPU
		{CD6DE892-44E1-49A3-932D-62893F37755F}.Release|Any CPU.Build.0 = Release|Any CPU
		{FBA87257-EE16-486F-B597-AD148A5B5AC6}.Debug|Any CPU.ActiveCfg = Debug|Any CPU
		{FBA87257-EE16-486F-B597-AD148A5B5AC6}.Debug|Any CPU.Build.0 = Debug|Any CPU
		{FBA87257-EE16-486F-B597-AD148A5B5AC6}.Release|Any CPU.ActiveCfg = Release|Any CPU
		{FBA87257-EE16-486F-B597-AD148A5B5AC6}.Release|Any CPU.Build.0 = Release|Any CPU
		{A6A573C2-3D55-48EF-BC66-149A450A6473}.Debug|Any CPU.ActiveCfg = Debug|Any CPU
		{A6A573C2-3D55-48EF-BC66-149A450A6473}.Debug|Any CPU.Build.0 = Debug|Any CPU
		{A6A573C2-3D55-48EF-BC66-149A450A6473}.Release|Any CPU.ActiveCfg = Release|Any CPU
		{A6A573C2-3D55-48EF-BC66-149A450A6473}.Release|Any CPU.Build.0 = Release|Any CPU
		{A6E77F3C-DAF7-42D7-999B-7479A11F872E}.Debug|Any CPU.ActiveCfg = Debug|Any CPU
		{A6E77F3C-DAF7-42D7-999B-7479A11F872E}.Debug|Any CPU.Build.0 = Debug|Any CPU
		{A6E77F3C-DAF7-42D7-999B-7479A11F872E}.Release|Any CPU.ActiveCfg = Release|Any CPU
		{A6E77F3C-DAF7-42D7-999B-7479A11F872E}.Release|Any CPU.Build.0 = Release|Any CPU
		{C6B338E5-D598-4218-BDD6-306DBBADE7B0}.Debug|Any CPU.ActiveCfg = Debug|Any CPU
		{C6B338E5-D598-4218-BDD6-306DBBADE7B0}.Debug|Any CPU.Build.0 = Debug|Any CPU
		{C6B338E5-D598-4218-BDD6-306DBBADE7B0}.Release|Any CPU.ActiveCfg = Release|Any CPU
		{C6B338E5-D598-4218-BDD6-306DBBADE7B0}.Release|Any CPU.Build.0 = Release|Any CPU
		{5C5CE066-3922-47B1-A7BC-1F74AA9AFE38}.Debug|Any CPU.ActiveCfg = Debug|Any CPU
		{5C5CE066-3922-47B1-A7BC-1F74AA9AFE38}.Debug|Any CPU.Build.0 = Debug|Any CPU
		{5C5CE066-3922-47B1-A7BC-1F74AA9AFE38}.Release|Any CPU.ActiveCfg = Release|Any CPU
		{5C5CE066-3922-47B1-A7BC-1F74AA9AFE38}.Release|Any CPU.Build.0 = Release|Any CPU
		{7DF7A5CD-88E0-4856-9356-4C22F7232DBF}.Debug|Any CPU.ActiveCfg = Debug|Any CPU
		{7DF7A5CD-88E0-4856-9356-4C22F7232DBF}.Debug|Any CPU.Build.0 = Debug|Any CPU
		{7DF7A5CD-88E0-4856-9356-4C22F7232DBF}.Release|Any CPU.ActiveCfg = Release|Any CPU
		{7DF7A5CD-88E0-4856-9356-4C22F7232DBF}.Release|Any CPU.Build.0 = Release|Any CPU
		{DE268201-5059-4292-93C2-810690785635}.Debug|Any CPU.ActiveCfg = Debug|Any CPU
		{DE268201-5059-4292-93C2-810690785635}.Debug|Any CPU.Build.0 = Debug|Any CPU
		{DE268201-5059-4292-93C2-810690785635}.Release|Any CPU.ActiveCfg = Release|Any CPU
		{DE268201-5059-4292-93C2-810690785635}.Release|Any CPU.Build.0 = Release|Any CPU
		{5383677D-6567-4581-BE83-43771CE2FC7D}.Debug|Any CPU.ActiveCfg = Debug|Any CPU
		{5383677D-6567-4581-BE83-43771CE2FC7D}.Debug|Any CPU.Build.0 = Debug|Any CPU
		{5383677D-6567-4581-BE83-43771CE2FC7D}.Release|Any CPU.ActiveCfg = Release|Any CPU
		{5383677D-6567-4581-BE83-43771CE2FC7D}.Release|Any CPU.Build.0 = Release|Any CPU
		{A6A63F20-7933-48C3-A744-920F98465F2F}.Debug|Any CPU.ActiveCfg = Debug|Any CPU
		{A6A63F20-7933-48C3-A744-920F98465F2F}.Debug|Any CPU.Build.0 = Debug|Any CPU
		{A6A63F20-7933-48C3-A744-920F98465F2F}.Release|Any CPU.ActiveCfg = Release|Any CPU
		{A6A63F20-7933-48C3-A744-920F98465F2F}.Release|Any CPU.Build.0 = Release|Any CPU
		{DE3FC4FB-6ABA-4EAD-B453-1390EE3D9A56}.Debug|Any CPU.ActiveCfg = Debug|Any CPU
		{DE3FC4FB-6ABA-4EAD-B453-1390EE3D9A56}.Debug|Any CPU.Build.0 = Debug|Any CPU
		{DE3FC4FB-6ABA-4EAD-B453-1390EE3D9A56}.Release|Any CPU.ActiveCfg = Release|Any CPU
		{DE3FC4FB-6ABA-4EAD-B453-1390EE3D9A56}.Release|Any CPU.Build.0 = Release|Any CPU
		{358C9126-FD50-4945-B143-95700A522ADF}.Debug|Any CPU.ActiveCfg = Debug|Any CPU
		{358C9126-FD50-4945-B143-95700A522ADF}.Debug|Any CPU.Build.0 = Debug|Any CPU
		{358C9126-FD50-4945-B143-95700A522ADF}.Release|Any CPU.ActiveCfg = Release|Any CPU
		{358C9126-FD50-4945-B143-95700A522ADF}.Release|Any CPU.Build.0 = Release|Any CPU
	EndGlobalSection
	GlobalSection(SolutionProperties) = preSolution
		HideSolutionNode = FALSE
	EndGlobalSection
	GlobalSection(ExtensibilityGlobals) = postSolution
		SolutionGuid = {E98C6BC1-9644-45E6-9A40-E08FE4B233FC}
	EndGlobalSection
EndGlobal
